
Microsoft Visual Studio Solution File, Format Version 12.00
# Visual Studio Version 17
VisualStudioVersion = 17.9.34728.123
MinimumVisualStudioVersion = 10.0.40219.1
Project("{FAE04EC0-301F-11D3-BF4B-00C04F79EFBC}") = "ImplicitOperator", "ImplicitOperator.csproj", "{2879807F-BEEE-4015-A7BA-75111C8EA931}"
EndProject
Global
	GlobalSection(SolutionConfigurationPlatforms) = preSolution
		Debug|Any CPU = Debug|Any CPU
		Release|Any CPU = Release|Any CPU
	EndGlobalSection
	GlobalSection(ProjectConfigurationPlatforms) = postSolution
		{2879807F-BEEE-4015-A7BA-75111C8EA931}.Debug|Any CPU.ActiveCfg = Debug|Any CPU
		{2879807F-BEEE-4015-A7BA-75111C8EA931}.Debug|Any CPU.Build.0 = Debug|Any CPU
		{2879807F-BEEE-4015-A7BA-75111C8EA931}.Release|Any CPU.ActiveCfg = Release|Any CPU
		{2879807F-BEEE-4015-A7BA-75111C8EA931}.Release|Any CPU.Build.0 = Release|Any CPU
	EndGlobalSection
	GlobalSection(SolutionProperties) = preSolution
		HideSolutionNode = FALSE
	EndGlobalSection
	GlobalSection(ExtensibilityGlobals) = postSolution
		SolutionGuid = {7F3FF8FD-814F-494D-9AB2-94D0B1F83E84}
	EndGlobalSection
EndGlobal
